
Microsoft Visual Studio Solution File, Format Version 12.00
# Visual Studio 14
VisualStudioVersion = 14.0.24720.0
MinimumVisualStudioVersion = 10.0.40219.1
Project("{FAE04EC0-301F-11D3-BF4B-00C04F79EFBC}") = "AdvancedCQRS", "AdvancedCQRS\AdvancedCQRS.csproj", "{690351F4-F44E-4E2B-A134-A4EC4DE252AF}"
EndProject
Project("{FAE04EC0-301F-11D3-BF4B-00C04F79EFBC}") = "Documents", "Documents\Documents.csproj", "{8DEF383C-1B4B-4D16-8F93-1FACD8B06DB4}"
EndProject
Global
	GlobalSection(SolutionConfigurationPlatforms) = preSolution
		Debug|Any CPU = Debug|Any CPU
		Release|Any CPU = Release|Any CPU
	EndGlobalSection
	GlobalSection(ProjectConfigurationPlatforms) = postSolution
		{690351F4-F44E-4E2B-A134-A4EC4DE252AF}.Debug|Any CPU.ActiveCfg = Debug|Any CPU
		{690351F4-F44E-4E2B-A134-A4EC4DE252AF}.Debug|Any CPU.Build.0 = Debug|Any CPU
		{690351F4-F44E-4E2B-A134-A4EC4DE252AF}.Release|Any CPU.ActiveCfg = Release|Any CPU
		{690351F4-F44E-4E2B-A134-A4EC4DE252AF}.Release|Any CPU.Build.0 = Release|Any CPU
		{8DEF383C-1B4B-4D16-8F93-1FACD8B06DB4}.Debug|Any CPU.ActiveCfg = Debug|Any CPU
		{8DEF383C-1B4B-4D16-8F93-1FACD8B06DB4}.Debug|Any CPU.Build.0 = Debug|Any CPU
		{8DEF383C-1B4B-4D16-8F93-1FACD8B06DB4}.Release|Any CPU.ActiveCfg = Release|Any CPU
		{8DEF383C-1B4B-4D16-8F93-1FACD8B06DB4}.Release|Any CPU.Build.0 = Release|Any CPU
	EndGlobalSection
	GlobalSection(SolutionProperties) = preSolution
		HideSolutionNode = FALSE
	EndGlobalSection
EndGlobal
